
Microsoft Visual Studio Solution File, Format Version 12.00
# Visual Studio Version 16
VisualStudioVersion = 16.0.29306.81
MinimumVisualStudioVersion = 10.0.40219.1
Project("{FAE04EC0-301F-11D3-BF4B-00C04F79EFBC}") = "Atrribiutes", "Atrribiutes\Atrribiutes.csproj", "{654FFDEC-B045-4FFF-AD92-67AB7CACECB0}"
EndProject
Global
	GlobalSection(SolutionConfigurationPlatforms) = preSolution
		Debug|Any CPU = Debug|Any CPU
		Release|Any CPU = Release|Any CPU
	EndGlobalSection
	GlobalSection(ProjectConfigurationPlatforms) = postSolution
		{654FFDEC-B045-4FFF-AD92-67AB7CACECB0}.Debug|Any CPU.ActiveCfg = Debug|Any CPU
		{654FFDEC-B045-4FFF-AD92-67AB7CACECB0}.Debug|Any CPU.Build.0 = Debug|Any CPU
		{654FFDEC-B045-4FFF-AD92-67AB7CACECB0}.Release|Any CPU.ActiveCfg = Release|Any CPU
		{654FFDEC-B045-4FFF-AD92-67AB7CACECB0}.Release|Any CPU.Build.0 = Release|Any CPU
	EndGlobalSection
	GlobalSection(SolutionProperties) = preSolution
		HideSolutionNode = FALSE
	EndGlobalSection
	GlobalSection(ExtensibilityGlobals) = postSolution
		SolutionGuid = {1220DD0D-F4C0-49B1-AD45-BEA6A3621D16}
	EndGlobalSection
EndGlobal
